{
  "name": "jordan-converts-to-xlsx",
  "version": "1.0.0",
  "lockfileVersion": 1,
  "requires": true,
  "dependencies": {
    "@types/node": {
      "version": "14.14.8",
      "resolved": "https://lenovosoftware.jfrog.io/lenovosoftware/api/npm/npmjs-virtual/@types/node/-/node-14.14.8.tgz",
      "integrity": "sha1-ISe9gZSalci30yQPMlQ1LXJWOuw=",
      "dev": true
    },
    "json2xls": {
      "version": "0.1.2",
      "resolved": "https://lenovosoftware.jfrog.io/lenovosoftware/api/npm/npmjs-virtual/json2xls/-/json2xls-0.1.2.tgz",
      "integrity": "sha1-NzWO2CqPyvkrs7JNh1msV+OU4Bc=",
      "requires": {
        "excel-export": "~0.3.11"
      },
      "dependencies": {
        "excel-export": {
          "version": "0.3.11",
          "resolved": "https://lenovosoftware.jfrog.io/lenovosoftware/api/npm/npmjs-virtual/excel-export/-/excel-export-0.3.11.tgz",
          "integrity": "sha1-a/a51lVV6+Pw2uqlcy97aZhqfrQ=",
          "requires": {
            "node-zip": "1.x"
          },
          "dependencies": {
            "node-zip": {
              "version": "1.1.1",
              "resolved": "https://lenovosoftware.jfrog.io/lenovosoftware/api/npm/npmjs-virtual/node-zip/-/node-zip-1.1.1.tgz",
              "integrity": "sha1-lNGtZ0o81GoViN1zb0qaeMdX62I=",
              "requires": {
                "jszip": "2.5.0"
              },
              "dependencies": {
                "jszip": {
                  "version": "2.5.0",
                  "resolved": "https://lenovosoftware.jfrog.io/lenovosoftware/api/npm/npmjs-virtual/jszip/-/jszip-2.5.0.tgz",
                  "integrity": "sha1-dET9hVHd8+XacZj+oMkbyDCMwnQ=",
                  "requires": {
                    "pako": "~0.2.5"
                  },
                  "dependencies": {
                    "pako": {
                      "version": "0.2.8",
                      "resolved": "https://lenovosoftware.jfrog.io/lenovosoftware/api/npm/npmjs-virtual/pako/-/pako-0.2.8.tgz",
                      "integrity": "sha1-Fa13KRU2KRPyDeSooWS0qsxhZdY="
                    }
                  }
                }
              }
            }
          }
        }
      }
    },
    "typescript": {
      "version": "4.0.5",
      "resolved": "https://lenovosoftware.jfrog.io/lenovosoftware/api/npm/npmjs-virtual/typescript/-/typescript-4.0.5.tgz",
      "integrity": "sha1-rp3d/RBp8ctb6z7zshcN18EzI4k=",
      "dev": true
    }
  }
}
